
Microsoft Visual Studio Solution File, Format Version 12.00
# Visual Studio Version 16
VisualStudioVersion = 25.0.1706.14
MinimumVisualStudioVersion = 10.0.40219.1
Project("{FAE04EC0-301F-11D3-BF4B-00C04F79EFBC}") = "Fall2024-Assignment2-ascurry", "Fall2024-Assignment2-ascurry.csproj", "{26DDE238-03C1-4602-8E78-74CFC9483817}"
EndProject
Global
	GlobalSection(SolutionConfigurationPlatforms) = preSolution
		Debug|Any CPU = Debug|Any CPU
		Release|Any CPU = Release|Any CPU
	EndGlobalSection
	GlobalSection(ProjectConfigurationPlatforms) = postSolution
		{26DDE238-03C1-4602-8E78-74CFC9483817}.Debug|Any CPU.ActiveCfg = Debug|Any CPU
		{26DDE238-03C1-4602-8E78-74CFC9483817}.Debug|Any CPU.Build.0 = Debug|Any CPU
		{26DDE238-03C1-4602-8E78-74CFC9483817}.Release|Any CPU.ActiveCfg = Release|Any CPU
		{26DDE238-03C1-4602-8E78-74CFC9483817}.Release|Any CPU.Build.0 = Release|Any CPU
	EndGlobalSection
	GlobalSection(SolutionProperties) = preSolution
		HideSolutionNode = FALSE
	EndGlobalSection
	GlobalSection(ExtensibilityGlobals) = postSolution
		SolutionGuid = {60E6716B-2559-4D31-827B-F132729F8CCC}
	EndGlobalSection
EndGlobal
